
Microsoft Visual Studio Solution File, Format Version 12.00
# Visual Studio Version 16
VisualStudioVersion = 16.0.31229.75
MinimumVisualStudioVersion = 10.0.40219.1
Project("{FAE04EC0-301F-11D3-BF4B-00C04F79EFBC}") = "helping-hand.Server", "Server\helping-hand.Server.csproj", "{6AFC4436-9E93-4DDA-AEA3-95B2BC29C1C5}"
EndProject
Project("{FAE04EC0-301F-11D3-BF4B-00C04F79EFBC}") = "helping-hand.Client", "Client\helping-hand.Client.csproj", "{F2F2EC52-3852-49AA-9D41-3D09CC53C4D4}"
EndProject
Project("{FAE04EC0-301F-11D3-BF4B-00C04F79EFBC}") = "helping-hand.Shared", "Shared\helping-hand.Shared.csproj", "{24508D5D-D11E-4E30-B172-B132C18C2D69}"
EndProject
Global
	GlobalSection(SolutionConfigurationPlatforms) = preSolution
		Debug|Any CPU = Debug|Any CPU
		Release|Any CPU = Release|Any CPU
	EndGlobalSection
	GlobalSection(ProjectConfigurationPlatforms) = postSolution
		{6AFC4436-9E93-4DDA-AEA3-95B2BC29C1C5}.Debug|Any CPU.ActiveCfg = Debug|Any CPU
		{6AFC4436-9E93-4DDA-AEA3-95B2BC29C1C5}.Debug|Any CPU.Build.0 = Debug|Any CPU
		{6AFC4436-9E93-4DDA-AEA3-95B2BC29C1C5}.Release|Any CPU.ActiveCfg = Release|Any CPU
		{6AFC4436-9E93-4DDA-AEA3-95B2BC29C1C5}.Release|Any CPU.Build.0 = Release|Any CPU
		{F2F2EC52-3852-49AA-9D41-3D09CC53C4D4}.Debug|Any CPU.ActiveCfg = Debug|Any CPU
		{F2F2EC52-3852-49AA-9D41-3D09CC53C4D4}.Debug|Any CPU.Build.0 = Debug|Any CPU
		{F2F2EC52-3852-49AA-9D41-3D09CC53C4D4}.Release|Any CPU.ActiveCfg = Release|Any CPU
		{F2F2EC52-3852-49AA-9D41-3D09CC53C4D4}.Release|Any CPU.Build.0 = Release|Any CPU
		{24508D5D-D11E-4E30-B172-B132C18C2D69}.Debug|Any CPU.ActiveCfg = Debug|Any CPU
		{24508D5D-D11E-4E30-B172-B132C18C2D69}.Debug|Any CPU.Build.0 = Debug|Any CPU
		{24508D5D-D11E-4E30-B172-B132C18C2D69}.Release|Any CPU.ActiveCfg = Release|Any CPU
		{24508D5D-D11E-4E30-B172-B132C18C2D69}.Release|Any CPU.Build.0 = Release|Any CPU
	EndGlobalSection
	GlobalSection(SolutionProperties) = preSolution
		HideSolutionNode = FALSE
	EndGlobalSection
	GlobalSection(ExtensibilityGlobals) = postSolution
		SolutionGuid = {0E489B94-8C5D-4D75-BF87-8083373E122E}
	EndGlobalSection
EndGlobal
