
Microsoft Visual Studio Solution File, Format Version 12.00
# Visual Studio Version 16
VisualStudioVersion = 16.0.31229.75
MinimumVisualStudioVersion = 10.0.40219.1
Project("{9A19103F-16F7-4668-BE54-9A1E7A4F7556}") = "helping-hand.Server", "Server\helping-hand.Server.csproj", "{2FF1F59D-8145-44CF-843E-E30EBB252318}"
EndProject
Project("{9A19103F-16F7-4668-BE54-9A1E7A4F7556}") = "helping-hand.Client", "Client\helping-hand.Client.csproj", "{EFF0910E-6350-42A2-9C74-935FB7022574}"
EndProject
Project("{9A19103F-16F7-4668-BE54-9A1E7A4F7556}") = "helping-hand.Models", "Model\helping-hand.Models.csproj", "{95499B53-B6C0-48F7-84F8-1D3EB7A0ED2B}"
EndProject
Project("{9A19103F-16F7-4668-BE54-9A1E7A4F7556}") = "helping-hand.Data", "Data\helping-hand.Data.csproj", "{35F61DA5-58BF-4E7B-99E3-4A7E25097F8D}"
EndProject
Global
	GlobalSection(SolutionConfigurationPlatforms) = preSolution
		Debug|Any CPU = Debug|Any CPU
		Release|Any CPU = Release|Any CPU
	EndGlobalSection
	GlobalSection(ProjectConfigurationPlatforms) = postSolution
		{2FF1F59D-8145-44CF-843E-E30EBB252318}.Debug|Any CPU.ActiveCfg = Debug|Any CPU
		{2FF1F59D-8145-44CF-843E-E30EBB252318}.Debug|Any CPU.Build.0 = Debug|Any CPU
		{2FF1F59D-8145-44CF-843E-E30EBB252318}.Release|Any CPU.ActiveCfg = Release|Any CPU
		{2FF1F59D-8145-44CF-843E-E30EBB252318}.Release|Any CPU.Build.0 = Release|Any CPU
		{EFF0910E-6350-42A2-9C74-935FB7022574}.Debug|Any CPU.ActiveCfg = Debug|Any CPU
		{EFF0910E-6350-42A2-9C74-935FB7022574}.Debug|Any CPU.Build.0 = Debug|Any CPU
		{EFF0910E-6350-42A2-9C74-935FB7022574}.Release|Any CPU.ActiveCfg = Release|Any CPU
		{EFF0910E-6350-42A2-9C74-935FB7022574}.Release|Any CPU.Build.0 = Release|Any CPU
		{95499B53-B6C0-48F7-84F8-1D3EB7A0ED2B}.Debug|Any CPU.ActiveCfg = Debug|Any CPU
		{95499B53-B6C0-48F7-84F8-1D3EB7A0ED2B}.Debug|Any CPU.Build.0 = Debug|Any CPU
		{95499B53-B6C0-48F7-84F8-1D3EB7A0ED2B}.Release|Any CPU.ActiveCfg = Release|Any CPU
		{95499B53-B6C0-48F7-84F8-1D3EB7A0ED2B}.Release|Any CPU.Build.0 = Release|Any CPU
		{35F61DA5-58BF-4E7B-99E3-4A7E25097F8D}.Debug|Any CPU.ActiveCfg = Debug|Any CPU
		{35F61DA5-58BF-4E7B-99E3-4A7E25097F8D}.Debug|Any CPU.Build.0 = Debug|Any CPU
		{35F61DA5-58BF-4E7B-99E3-4A7E25097F8D}.Release|Any CPU.ActiveCfg = Release|Any CPU
		{35F61DA5-58BF-4E7B-99E3-4A7E25097F8D}.Release|Any CPU.Build.0 = Release|Any CPU
	EndGlobalSection
	GlobalSection(SolutionProperties) = preSolution
		HideSolutionNode = FALSE
	EndGlobalSection
	GlobalSection(ExtensibilityGlobals) = postSolution
		SolutionGuid = {ABDC920A-08F9-48E0-953C-5A9925E9B515}
	EndGlobalSection
EndGlobal
